
Microsoft Visual Studio Solution File, Format Version 12.00
# Visual Studio Version 17
VisualStudioVersion = 17.9.34607.119
MinimumVisualStudioVersion = 10.0.40219.1
Project("{FAE04EC0-301F-11D3-BF4B-00C04F79EFBC}") = "智慧大棚", "智慧大棚\智慧大棚.csproj", "{204775A3-5725-4BEB-BDC4-9AF8CDB4FDDF}"
EndProject
Global
	GlobalSection(SolutionConfigurationPlatforms) = preSolution
		Debug|Any CPU = Debug|Any CPU
		Release|Any CPU = Release|Any CPU
	EndGlobalSection
	GlobalSection(ProjectConfigurationPlatforms) = postSolution
		{204775A3-5725-4BEB-BDC4-9AF8CDB4FDDF}.Debug|Any CPU.ActiveCfg = Debug|Any CPU
		{204775A3-5725-4BEB-BDC4-9AF8CDB4FDDF}.Debug|Any CPU.Build.0 = Debug|Any CPU
		{204775A3-5725-4BEB-BDC4-9AF8CDB4FDDF}.Release|Any CPU.ActiveCfg = Release|Any CPU
		{204775A3-5725-4BEB-BDC4-9AF8CDB4FDDF}.Release|Any CPU.Build.0 = Release|Any CPU
	EndGlobalSection
	GlobalSection(SolutionProperties) = preSolution
		HideSolutionNode = FALSE
	EndGlobalSection
	GlobalSection(ExtensibilityGlobals) = postSolution
		SolutionGuid = {B2F81F56-3BF4-4668-AA0A-C322204707F7}
	EndGlobalSection
EndGlobal
